
Microsoft Visual Studio Solution File, Format Version 12.00
# Visual Studio Version 17
VisualStudioVersion = 17.3.32901.215
MinimumVisualStudioVersion = 10.0.40219.1
Project("{FAE04EC0-301F-11D3-BF4B-00C04F79EFBC}") = "PC_Task1", "PC_Task1\PC_Task1.csproj", "{2F67F241-1021-4D33-8552-4BD02ACDCB7B}"
EndProject
Global
	GlobalSection(SolutionConfigurationPlatforms) = preSolution
		Debug|Any CPU = Debug|Any CPU
		Release|Any CPU = Release|Any CPU
	EndGlobalSection
	GlobalSection(ProjectConfigurationPlatforms) = postSolution
		{2F67F241-1021-4D33-8552-4BD02ACDCB7B}.Debug|Any CPU.ActiveCfg = Debug|Any CPU
		{2F67F241-1021-4D33-8552-4BD02ACDCB7B}.Debug|Any CPU.Build.0 = Debug|Any CPU
		{2F67F241-1021-4D33-8552-4BD02ACDCB7B}.Release|Any CPU.ActiveCfg = Release|Any CPU
		{2F67F241-1021-4D33-8552-4BD02ACDCB7B}.Release|Any CPU.Build.0 = Release|Any CPU
	EndGlobalSection
	GlobalSection(SolutionProperties) = preSolution
		HideSolutionNode = FALSE
	EndGlobalSection
	GlobalSection(ExtensibilityGlobals) = postSolution
		SolutionGuid = {EF93883E-A0F5-44F5-8E9E-471B78D1CF1D}
	EndGlobalSection
EndGlobal
